
Microsoft Visual Studio Solution File, Format Version 12.00
# Visual Studio 15
VisualStudioVersion = 15.0.27130.2010
MinimumVisualStudioVersion = 10.0.40219.1
Project("{FAE04EC0-301F-11D3-BF4B-00C04F79EFBC}") = "Mitarbeiterverwaltung", "Mitarbeiterverwaltung.csproj", "{F59C9412-20BF-4084-9FC6-3341E73B9289}"
EndProject
Global
	GlobalSection(SolutionConfigurationPlatforms) = preSolution
		Debug|Any CPU = Debug|Any CPU
		Release|Any CPU = Release|Any CPU
	EndGlobalSection
	GlobalSection(ProjectConfigurationPlatforms) = postSolution
		{F59C9412-20BF-4084-9FC6-3341E73B9289}.Debug|Any CPU.ActiveCfg = Debug|Any CPU
		{F59C9412-20BF-4084-9FC6-3341E73B9289}.Debug|Any CPU.Build.0 = Debug|Any CPU
		{F59C9412-20BF-4084-9FC6-3341E73B9289}.Release|Any CPU.ActiveCfg = Release|Any CPU
		{F59C9412-20BF-4084-9FC6-3341E73B9289}.Release|Any CPU.Build.0 = Release|Any CPU
	EndGlobalSection
	GlobalSection(SolutionProperties) = preSolution
		HideSolutionNode = FALSE
	EndGlobalSection
	GlobalSection(ExtensibilityGlobals) = postSolution
		SolutionGuid = {38A63A16-DC1C-481F-A483-D7A7D7873762}
	EndGlobalSection
EndGlobal
